lockfileVersion: 5.3

specifiers:
  prisma: ^3.1.1

dependencies:
  prisma: 3.1.1

packages:

  /@prisma/engines/3.1.0-24.c22652b7e418506fab23052d569b85d3aec4883f:
    resolution: {integrity: sha512-6NEp0VlLho3hVtIvj2P4h0e19AYqQSXtFGts8gSIXDnV+l5pRFZaDMfGo2RiLMR0Kfrs8c3ZYxYX0sWmVL0tWw==}
    requiresBuild: true
    dev: false

  /prisma/3.1.1:
    resolution: {integrity: sha512-+eZtWIL6hnOKUOvqq9WLBzSw2d/EbTmOx1Td1LI8/0XE40ctXMLG2N1p6NK5/+yivGaoNJ9PDpPsPL9lO4nJrQ==}
    engines: {node: '>=12.6'}
    hasBin: true
    requiresBuild: true
    dependencies:
      '@prisma/engines': 3.1.0-24.c22652b7e418506fab23052d569b85d3aec4883f
    dev: false
